
Microsoft Visual Studio Solution File, Format Version 12.00
# Visual Studio Version 16
VisualStudioVersion = 16.0.30114.105
MinimumVisualStudioVersion = 10.0.40219.1
Project("{FAE04EC0-301F-11D3-BF4B-00C04F79EFBC}") = "Catch", "Catch\Catch.csproj", "{1EE6B00B-B9DB-4AB1-BA6D-95332443ADB4}"
EndProject
Global
	GlobalSection(SolutionConfigurationPlatforms) = preSolution
		Debug|Any CPU = Debug|Any CPU
		Release|Any CPU = Release|Any CPU
	EndGlobalSection
	GlobalSection(ProjectConfigurationPlatforms) = postSolution
		{1EE6B00B-B9DB-4AB1-BA6D-95332443ADB4}.Debug|Any CPU.ActiveCfg = Debug|Any CPU
		{1EE6B00B-B9DB-4AB1-BA6D-95332443ADB4}.Debug|Any CPU.Build.0 = Debug|Any CPU
		{1EE6B00B-B9DB-4AB1-BA6D-95332443ADB4}.Release|Any CPU.ActiveCfg = Release|Any CPU
		{1EE6B00B-B9DB-4AB1-BA6D-95332443ADB4}.Release|Any CPU.Build.0 = Release|Any CPU
	EndGlobalSection
	GlobalSection(SolutionProperties) = preSolution
		HideSolutionNode = FALSE
	EndGlobalSection
	GlobalSection(ExtensibilityGlobals) = postSolution
		SolutionGuid = {70F19D88-D5C4-4C8A-AD0A-6E729F2194C2}
	EndGlobalSection
EndGlobal
